
Microsoft Visual Studio Solution File, Format Version 12.00
# Visual Studio Version 17
VisualStudioVersion = 17.9.34728.123
MinimumVisualStudioVersion = 10.0.40219.1
Project("{9A19103F-16F7-4668-BE54-9A1E7A4F7556}") = "privatext", "privatext\privatext\privatext.csproj", "{5E81179A-6A65-4EBB-A38B-102177FEE529}"
EndProject
Project("{9A19103F-16F7-4668-BE54-9A1E7A4F7556}") = "privatext.Client", "privatext\privatext.Client\privatext.Client.csproj", "{F05483E9-EDC5-4C98-81F6-962EB3DB3FE5}"
EndProject
Project("{FAE04EC0-301F-11D3-BF4B-00C04F79EFBC}") = "privatext.Shared", "privatext.Shared\privatext.Shared.csproj", "{6959D0AE-6435-49EC-B931-AB3AB97652CD}"
EndProject
Global
	GlobalSection(SolutionConfigurationPlatforms) = preSolution
		Debug|Any CPU = Debug|Any CPU
		Release|Any CPU = Release|Any CPU
	EndGlobalSection
	GlobalSection(ProjectConfigurationPlatforms) = postSolution
		{5E81179A-6A65-4EBB-A38B-102177FEE529}.Debug|Any CPU.ActiveCfg = Debug|Any CPU
		{5E81179A-6A65-4EBB-A38B-102177FEE529}.Debug|Any CPU.Build.0 = Debug|Any CPU
		{5E81179A-6A65-4EBB-A38B-102177FEE529}.Release|Any CPU.ActiveCfg = Release|Any CPU
		{5E81179A-6A65-4EBB-A38B-102177FEE529}.Release|Any CPU.Build.0 = Release|Any CPU
		{F05483E9-EDC5-4C98-81F6-962EB3DB3FE5}.Debug|Any CPU.ActiveCfg = Debug|Any CPU
		{F05483E9-EDC5-4C98-81F6-962EB3DB3FE5}.Debug|Any CPU.Build.0 = Debug|Any CPU
		{F05483E9-EDC5-4C98-81F6-962EB3DB3FE5}.Release|Any CPU.ActiveCfg = Release|Any CPU
		{F05483E9-EDC5-4C98-81F6-962EB3DB3FE5}.Release|Any CPU.Build.0 = Release|Any CPU
		{6959D0AE-6435-49EC-B931-AB3AB97652CD}.Debug|Any CPU.ActiveCfg = Debug|Any CPU
		{6959D0AE-6435-49EC-B931-AB3AB97652CD}.Debug|Any CPU.Build.0 = Debug|Any CPU
		{6959D0AE-6435-49EC-B931-AB3AB97652CD}.Release|Any CPU.ActiveCfg = Release|Any CPU
		{6959D0AE-6435-49EC-B931-AB3AB97652CD}.Release|Any CPU.Build.0 = Release|Any CPU
	EndGlobalSection
	GlobalSection(SolutionProperties) = preSolution
		HideSolutionNode = FALSE
	EndGlobalSection
	GlobalSection(ExtensibilityGlobals) = postSolution
		SolutionGuid = {EC27060D-69A1-406E-BC32-8DE5B998F511}
	EndGlobalSection
EndGlobal
